
Microsoft Visual Studio Solution File, Format Version 12.00
# Visual Studio 15
VisualStudioVersion = 15.0.27130.2027
MinimumVisualStudioVersion = 10.0.40219.1
Project("{8BC9CEB8-8B4A-11D0-8D11-00A0C91BC942}") = "xquiz-gen", "xquiz-gen\xquiz-gen.vcxproj", "{EF13129E-E1C6-4540-8AE8-7B8B523505EA}"
EndProject
Project("{8BC9CEB8-8B4A-11D0-8D11-00A0C91BC942}") = "libxquiz", "libxquiz\libxquiz.vcxproj", "{575306EA-D2E5-453C-BED3-29C911382CAD}"
EndProject
Project("{8BC9CEB8-8B4A-11D0-8D11-00A0C91BC942}") = "xquiz-printbank", "xquiz-printbank\xquiz-printbank.vcxproj", "{A8CE802D-4BBE-474E-8744-30C5156B8E9B}"
EndProject
Project("{54435603-DBB4-11D2-8724-00A0C9A8B90C}") = "xquiz-installer", "xquiz-installer\xquiz-installer.vdproj", "{44778E5F-EAC5-4AEB-A82D-AD0E4266BD10}"
EndProject
Global
	GlobalSection(SolutionConfigurationPlatforms) = preSolution
		Debug|x64 = Debug|x64
		Debug|x86 = Debug|x86
		Release|x64 = Release|x64
		Release|x86 = Release|x86
	EndGlobalSection
	GlobalSection(ProjectConfigurationPlatforms) = postSolution
		{EF13129E-E1C6-4540-8AE8-7B8B523505EA}.Debug|x64.ActiveCfg = Debug|x64
		{EF13129E-E1C6-4540-8AE8-7B8B523505EA}.Debug|x64.Build.0 = Debug|x64
		{EF13129E-E1C6-4540-8AE8-7B8B523505EA}.Debug|x86.ActiveCfg = Debug|Win32
		{EF13129E-E1C6-4540-8AE8-7B8B523505EA}.Debug|x86.Build.0 = Debug|Win32
		{EF13129E-E1C6-4540-8AE8-7B8B523505EA}.Release|x64.ActiveCfg = Release|x64
		{EF13129E-E1C6-4540-8AE8-7B8B523505EA}.Release|x64.Build.0 = Release|x64
		{EF13129E-E1C6-4540-8AE8-7B8B523505EA}.Release|x86.ActiveCfg = Release|Win32
		{EF13129E-E1C6-4540-8AE8-7B8B523505EA}.Release|x86.Build.0 = Release|Win32
		{575306EA-D2E5-453C-BED3-29C911382CAD}.Debug|x64.ActiveCfg = Debug|x64
		{575306EA-D2E5-453C-BED3-29C911382CAD}.Debug|x64.Build.0 = Debug|x64
		{575306EA-D2E5-453C-BED3-29C911382CAD}.Debug|x86.ActiveCfg = Debug|Win32
		{575306EA-D2E5-453C-BED3-29C911382CAD}.Debug|x86.Build.0 = Debug|Win32
		{575306EA-D2E5-453C-BED3-29C911382CAD}.Release|x64.ActiveCfg = Release|x64
		{575306EA-D2E5-453C-BED3-29C911382CAD}.Release|x64.Build.0 = Release|x64
		{575306EA-D2E5-453C-BED3-29C911382CAD}.Release|x86.ActiveCfg = Release|Win32
		{575306EA-D2E5-453C-BED3-29C911382CAD}.Release|x86.Build.0 = Release|Win32
		{A8CE802D-4BBE-474E-8744-30C5156B8E9B}.Debug|x64.ActiveCfg = Debug|x64
		{A8CE802D-4BBE-474E-8744-30C5156B8E9B}.Debug|x64.Build.0 = Debug|x64
		{A8CE802D-4BBE-474E-8744-30C5156B8E9B}.Debug|x86.ActiveCfg = Debug|Win32
		{A8CE802D-4BBE-474E-8744-30C5156B8E9B}.Debug|x86.Build.0 = Debug|Win32
		{A8CE802D-4BBE-474E-8744-30C5156B8E9B}.Release|x64.ActiveCfg = Release|x64
		{A8CE802D-4BBE-474E-8744-30C5156B8E9B}.Release|x64.Build.0 = Release|x64
		{A8CE802D-4BBE-474E-8744-30C5156B8E9B}.Release|x86.ActiveCfg = Release|Win32
		{A8CE802D-4BBE-474E-8744-30C5156B8E9B}.Release|x86.Build.0 = Release|Win32
		{44778E5F-EAC5-4AEB-A82D-AD0E4266BD10}.Debug|x64.ActiveCfg = Debug
		{44778E5F-EAC5-4AEB-A82D-AD0E4266BD10}.Debug|x86.ActiveCfg = Debug
		{44778E5F-EAC5-4AEB-A82D-AD0E4266BD10}.Release|x64.ActiveCfg = Release
		{44778E5F-EAC5-4AEB-A82D-AD0E4266BD10}.Release|x86.ActiveCfg = Release
	EndGlobalSection
	GlobalSection(SolutionProperties) = preSolution
		HideSolutionNode = FALSE
	EndGlobalSection
	GlobalSection(ExtensibilityGlobals) = postSolution
		SolutionGuid = {975DDAC9-3CA3-4D76-820A-95AE731327EA}
	EndGlobalSection
EndGlobal
